PODS:
  - AppAuth (1.6.0):
    - AppAuth/Core (= 1.6.0)
    - AppAuth/ExternalUserAgent (= 1.6.0)
  - AppAuth/Core (1.6.0)
  - AppAuth/ExternalUserAgent (1.6.0):
    - AppAuth/Core
  - connectivity_plus (0.0.1):
    - Flutter
    - ReachabilitySwift
  - device_info_plus (0.0.1):
    - Flutter
  - DTTJailbreakDetection (0.4.0)
  - Flutter (1.0.0)
  - FMDB (2.7.5):
    - FMDB/standard (= 2.7.5)
  - FMDB/standard (2.7.5)
  - google_sign_in_ios (0.0.1):
    - Flutter
    - GoogleSignIn (~> 6.2)
  - GoogleSignIn (6.2.4):
    - AppAuth (~> 1.5)
    - GTMAppAuth (~> 1.3)
    - GTMSessionFetcher/Core (< 3.0, >= 1.1)
  - GTMAppAuth (1.3.1):
    - AppAuth/Core (~> 1.6)
    - GTMSessionFetcher/Core (< 3.0, >= 1.5)
  - GTMSessionFetcher/Core (2.3.0)
  - image_picker_ios (0.0.1):
    - Flutter
  - onesignal_flutter (3.5.0):
    - Flutter
    - OneSignalXCFramework (= 3.12.3)
  - OneSignalXCFramework (3.12.3):
    - OneSignalXCFramework/OneSignalCore (= 3.12.3)
    - OneSignalXCFramework/OneSignalExtension (= 3.12.3)
    - OneSignalXCFramework/OneSignalOutcomes (= 3.12.3)
  - OneSignalXCFramework/OneSignalCore (3.12.3)
  - OneSignalXCFramework/OneSignalExtension (3.12.3):
    - OneSignalXCFramework/OneSignalCore
    - OneSignalXCFramework/OneSignalOutcomes
  - OneSignalXCFramework/OneSignalOutcomes (3.12.3):
    - OneSignalXCFramework/OneSignalCore
  - path_provider_foundation (0.0.1):
    - Flutter
    - FlutterMacOS
  - ReachabilitySwift (5.0.0)
  - safe_device (1.0.0):
    - DTTJailbreakDetection
    - Flutter
  - share_plus (0.0.1):
    - Flutter
  - sqflite (0.0.2):
    - Flutter
    - FMDB (>= 2.7.5)

DEPENDENCIES:
  - connectivity_plus (from `.symlinks/plugins/connectivity_plus/ios`)
  - device_info_plus (from `.symlinks/plugins/device_info_plus/ios`)
  - Flutter (from `Flutter`)
  - google_sign_in_ios (from `.symlinks/plugins/google_sign_in_ios/ios`)
  - image_picker_ios (from `.symlinks/plugins/image_picker_ios/ios`)
  - onesignal_flutter (from `.symlinks/plugins/onesignal_flutter/ios`)
  - path_provider_foundation (from `.symlinks/plugins/path_provider_foundation/ios`)
  - safe_device (from `.symlinks/plugins/safe_device/ios`)
  - share_plus (from `.symlinks/plugins/share_plus/ios`)
  - sqflite (from `.symlinks/plugins/sqflite/ios`)

SPEC REPOS:
  trunk:
    - AppAuth
    - DTTJailbreakDetection
    - FMDB
    - GoogleSignIn
    - GTMAppAuth
    - GTMSessionFetcher
    - OneSignalXCFramework
    - ReachabilitySwift

EXTERNAL SOURCES:
  connectivity_plus:
    :path: ".symlinks/plugins/connectivity_plus/ios"
  device_info_plus:
    :path: ".symlinks/plugins/device_info_plus/ios"
  Flutter:
    :path: Flutter
  google_sign_in_ios:
    :path: ".symlinks/plugins/google_sign_in_ios/ios"
  image_picker_ios:
    :path: ".symlinks/plugins/image_picker_ios/ios"
  onesignal_flutter:
    :path: ".symlinks/plugins/onesignal_flutter/ios"
  path_provider_foundation:
    :path: ".symlinks/plugins/path_provider_foundation/ios"
  safe_device:
    :path: ".symlinks/plugins/safe_device/ios"
  share_plus:
    :path: ".symlinks/plugins/share_plus/ios"
  sqflite:
    :path: ".symlinks/plugins/sqflite/ios"

SPEC CHECKSUMS:
  AppAuth: 8fca6b5563a5baef2c04bee27538025e4ceb2add
  connectivity_plus: 413a8857dd5d9f1c399a39130850d02fe0feaf7e
  device_info_plus: e5c5da33f982a436e103237c0c85f9031142abed
  DTTJailbreakDetection: 5e356c5badc17995f65a83ed9483f787a0057b71
  Flutter: f04841e97a9d0b0a8025694d0796dd46242b2854
  FMDB: 2ce00b547f966261cd18927a3ddb07cb6f3db82a
  google_sign_in_ios: 4f85eb9f937450765c8573bb85fd8cd6a5af675c
  GoogleSignIn: 5651ce3a61e56ca864160e79b484cd9ed3f49b7a
  GTMAppAuth: 0ff230db599948a9ad7470ca667337803b3fc4dd
  GTMSessionFetcher: 3a63d75eecd6aa32c2fc79f578064e1214dfdec2
  image_picker_ios: b786a5dcf033a8336a657191401bfdf12017dabb
  onesignal_flutter: e01b19b76406d2f303edabe36da8dc747443d679
  OneSignalXCFramework: 75844c29607ca95e6176f6f21257b4382c7fdbfb
  path_provider_foundation: 37748e03f12783f9de2cb2c4eadfaa25fe6d4852
  ReachabilitySwift: 985039c6f7b23a1da463388634119492ff86c825
  safe_device: 4539eb6bdbeb4b61a763a51c4e73e6b37dea4e3d
  share_plus: 056a1e8ac890df3e33cb503afffaf1e9b4fbae68
  sqflite: 6d358c025f5b867b29ed92fc697fd34924e11904

PODFILE CHECKSUM: ef19549a9bc3046e7bb7d2fab4d021637c0c58a3

COCOAPODS: 1.11.3
